{
  "version": 4,
  "terraform_version": "1.9.8",
  "serial": 21,
  "lineage": "4ba48862-9e25-0411-11b6-d52d1c287a44",
  "outputs": {},
  "resources": [
    {
      "mode": "data",
      "type": "archive_file",
      "name": "lambda_function_archive",
      "provider": "provider[\"registry.terraform.io/hashicorp/archive\"]",
      "instances": [
        {
          "schema_version": 0,
          "attributes": {
            "exclude_symlink_directories": null,
            "excludes": null,
            "id": "f1f2c24d6a66353c7b1a183413c7d70258ea0df6",
            "output_base64sha256": "0CBvwJX2pXArEcBFRXYHa76ckoi/Wh1Xk5821jPRCB8=",
            "output_base64sha512": "aw+ANPD7g6DtgF53tVeQGRa18/7T82CdqoZ8f8MMC2lXwLHFLAsrQpC81ThowlUVDzi4RwycHPBoeyYamsNxCg==",
            "output_file_mode": null,
            "output_md5": "211b86485462596d363dd03c77d7dd65",
            "output_path": "lambda-function.zip",
            "output_sha": "f1f2c24d6a66353c7b1a183413c7d70258ea0df6",
            "output_sha256": "d0206fc095f6a5702b11c0454576076bbe9c9288bf5a1d57939f36d633d1081f",
            "output_sha512": "6b0f8034f0fb83a0ed805e77b557901916b5f3fed3f3609daa867c7fc30c0b6957c0b1c52c0b2b4290bcd53868c255150f38b8470c9c1cf0687b261a9ac3710a",
            "output_size": 384,
            "source": [],
            "source_content": null,
            "source_content_filename": null,
            "source_dir": "../../src",
            "source_file": null,
            "type": "zip"
          },
          "sensitive_attributes": []
        }
      ]
    },
    {
      "mode": "data",
      "type": "archive_file",
      "name": "lambda_layer_archive",
      "provider": "provider[\"registry.terraform.io/hashicorp/archive\"]",
      "instances": [
        {
          "schema_version": 0,
          "attributes": {
            "exclude_symlink_directories": null,
            "excludes": [
              "*.cfg",
              "Include",
              "Lib",
              "Scripts",
              "bin"
            ],
            "id": "80e250c9666c31ed8f290d2b1a056c5834f3e2e8",
            "output_base64sha256": "5ygXYYCBVFuuHGd+9mmb8a9hb1jaxy+zohaD92UJhl0=",
            "output_base64sha512": "vJnCdEjZKT0JqT0l2xOTAXdelZngxLIA9s0T+Ty19ltLGkED3ViYlBA4IwNzv79JIKUXjWfz7UpP6vq5qsHT4w==",
            "output_file_mode": null,
            "output_md5": "b7da6c84430950f4245a86021131b1d3",
            "output_path": "lambda-layer.zip",
            "output_sha": "80e250c9666c31ed8f290d2b1a056c5834f3e2e8",
            "output_sha256": "e72817618081545bae1c677ef6699bf1af616f58dac72fb3a21683f76509865d",
            "output_sha512": "bc99c27448d9293d09a93d25db139301775e9599e0c4b200f6cd13f93cb5f65b4b1a4103dd5898941038230373bfbf4920a5178d67f3ed4a4feafab9aac1d3e3",
            "output_size": 5378306,
            "source": [],
            "source_content": null,
            "source_content_filename": null,
            "source_dir": "../../layer",
            "source_file": null,
            "type": "zip"
          },
          "sensitive_attributes": []
        }
      ]
    },
    {
      "mode": "data",
      "type": "aws_iam_policy_document",
      "name": "assume_role",
      "provider": "provider[\"registry.terraform.io/hashicorp/aws\"]",
      "instances": [
        {
          "schema_version": 0,
          "attributes": {
            "id": "2690255455",
            "json": "{\n  \"Version\": \"2012-10-17\",\n  \"Statement\": [\n    {\n      \"Effect\": \"Allow\",\n      \"Action\": \"sts:AssumeRole\",\n      \"Principal\": {\n        \"Service\": \"lambda.amazonaws.com\"\n      }\n    }\n  ]\n}",
            "minified_json": "{\"Version\":\"2012-10-17\",\"Statement\":[{\"Effect\":\"Allow\",\"Action\":\"sts:AssumeRole\",\"Principal\":{\"Service\":\"lambda.amazonaws.com\"}}]}",
            "override_json": null,
            "override_policy_documents": null,
            "policy_id": null,
            "source_json": null,
            "source_policy_documents": null,
            "statement": [
              {
                "actions": [
                  "sts:AssumeRole"
                ],
                "condition": [],
                "effect": "Allow",
                "not_actions": [],
                "not_principals": [],
                "not_resources": [],
                "principals": [
                  {
                    "identifiers": [
                      "lambda.amazonaws.com"
                    ],
                    "type": "Service"
                  }
                ],
                "resources": [],
                "sid": ""
              }
            ],
            "version": "2012-10-17"
          },
          "sensitive_attributes": []
        }
      ]
    },
    {
      "mode": "managed",
      "type": "aws_iam_role",
      "name": "lambda_role",
      "provider": "provider[\"registry.terraform.io/hashicorp/aws\"]",
      "instances": [
        {
          "schema_version": 0,
          "attributes": {
            "arn": "arn:aws:iam::291912718832:role/ssdlc-ai-assist-lambda-role",
            "assume_role_policy": "{\"Statement\":[{\"Action\":\"sts:AssumeRole\",\"Effect\":\"Allow\",\"Principal\":{\"Service\":\"lambda.amazonaws.com\"}}],\"Version\":\"2012-10-17\"}",
            "create_date": "2025-04-18T02:34:02Z",
            "description": "",
            "force_detach_policies": false,
            "id": "ssdlc-ai-assist-lambda-role",
            "inline_policy": [],
            "managed_policy_arns": [],
            "max_session_duration": 3600,
            "name": "ssdlc-ai-assist-lambda-role",
            "name_prefix": "",
            "path": "/",
            "permissions_boundary": "",
            "tags": null,
            "tags_all": {},
            "unique_id": "AROAUH522THYBEZFPNSI5"
          },
          "sensitive_attributes": [],
          "private": "bnVsbA==",
          "dependencies": [
            "data.aws_iam_policy_document.assume_role"
          ]
        }
      ]
    },
    {
      "mode": "managed",
      "type": "aws_iam_role_policy",
      "name": "lambda",
      "provider": "provider[\"registry.terraform.io/hashicorp/aws\"]",
      "instances": [
        {
          "schema_version": 0,
          "attributes": {
            "id": "ssdlc-ai-assist-lambda-role:ssdlc-ai-assist-lambda-permissions",
            "name": "ssdlc-ai-assist-lambda-permissions",
            "name_prefix": "",
            "policy": "{\"Version\":\"2012-10-17\",\"Statement\":[{\"Action\":[\"logs:CreateLogGroup\",\"logs:CreateLogStream\",\"logs:PutLogEvents\"],\"Effect\":\"Allow\",\"Resource\":\"*\"}]}",
            "role": "ssdlc-ai-assist-lambda-role"
          },
          "sensitive_attributes": [],
          "private": "bnVsbA==",
          "dependencies": [
            "aws_iam_role.lambda_role",
            "data.aws_iam_policy_document.assume_role"
          ]
        }
      ]
    },
    {
      "mode": "managed",
      "type": "aws_lambda_function",
      "name": "lambda_function",
      "provider": "provider[\"registry.terraform.io/hashicorp/aws\"]",
      "instances": [
        {
          "schema_version": 0,
          "attributes": {
            "architectures": [
              "x86_64"
            ],
            "arn": "arn:aws:lambda:us-east-1:291912718832:function:ssdlc-ai-assist-lambda-workflow",
            "code_sha256": "0CBvwJX2pXArEcBFRXYHa76ckoi/Wh1Xk5821jPRCB8=",
            "code_signing_config_arn": "",
            "dead_letter_config": [],
            "description": "",
            "environment": [],
            "ephemeral_storage": [
              {
                "size": 512
              }
            ],
            "file_system_config": [],
            "filename": "lambda-function.zip",
            "function_name": "ssdlc-ai-assist-lambda-workflow",
            "handler": "lambda_function.lambda_handler",
            "id": "ssdlc-ai-assist-lambda-workflow",
            "image_config": [],
            "image_uri": "",
            "invoke_arn": "arn:aws:apigateway:us-east-1:lambda:path/2015-03-31/functions/arn:aws:lambda:us-east-1:291912718832:function:ssdlc-ai-assist-lambda-workflow/invocations",
            "kms_key_arn": "",
            "last_modified": "2025-04-18T02:34:11.909+0000",
            "layers": [
              "arn:aws:lambda:us-east-1:291912718832:layer:ssdlc-ai-assist-lambda-layer:5"
            ],
            "logging_config": [
              {
                "application_log_level": "",
                "log_format": "Text",
                "log_group": "/aws/lambda/ssdlc-ai-assist-lambda-workflow",
                "system_log_level": ""
              }
            ],
            "memory_size": 128,
            "package_type": "Zip",
            "publish": false,
            "qualified_arn": "arn:aws:lambda:us-east-1:291912718832:function:ssdlc-ai-assist-lambda-workflow:$LATEST",
            "qualified_invoke_arn": "arn:aws:apigateway:us-east-1:lambda:path/2015-03-31/functions/arn:aws:lambda:us-east-1:291912718832:function:ssdlc-ai-assist-lambda-workflow:$LATEST/invocations",
            "replace_security_groups_on_destroy": null,
            "replacement_security_group_ids": null,
            "reserved_concurrent_executions": -1,
            "role": "arn:aws:iam::291912718832:role/ssdlc-ai-assist-lambda-role",
            "runtime": "python3.13",
            "s3_bucket": null,
            "s3_key": null,
            "s3_object_version": null,
            "signing_job_arn": "",
            "signing_profile_version_arn": "",
            "skip_destroy": false,
            "snap_start": [],
            "source_code_hash": "0CBvwJX2pXArEcBFRXYHa76ckoi/Wh1Xk5821jPRCB8=",
            "source_code_size": 384,
            "tags": null,
            "tags_all": {},
            "timeout": 3,
            "timeouts": null,
            "tracing_config": [
              {
                "mode": "PassThrough"
              }
            ],
            "version": "$LATEST",
            "vpc_config": []
          },
          "sensitive_attributes": [],
          "private": "eyJlMmJmYjczMC1lY2FhLTExZTYtOGY4OC0zNDM2M2JjN2M0YzAiOnsiY3JlYXRlIjo2MDAwMDAwMDAwMDAsImRlbGV0ZSI6NjAwMDAwMDAwMDAwLCJ1cGRhdGUiOjYwMDAwMDAwMDAwMH19",
          "dependencies": [
            "aws_iam_role.lambda_role",
            "aws_lambda_layer_version.lambda_layer",
            "aws_s3_object.lambda_layer_object",
            "data.archive_file.lambda_function_archive",
            "data.archive_file.lambda_layer_archive",
            "data.aws_iam_policy_document.assume_role"
          ]
        }
      ]
    },
    {
      "mode": "managed",
      "type": "aws_lambda_layer_version",
      "name": "lambda_layer",
      "provider": "provider[\"registry.terraform.io/hashicorp/aws\"]",
      "instances": [
        {
          "schema_version": 0,
          "attributes": {
            "arn": "arn:aws:lambda:us-east-1:291912718832:layer:ssdlc-ai-assist-lambda-layer:5",
            "code_sha256": "5ygXYYCBVFuuHGd+9mmb8a9hb1jaxy+zohaD92UJhl0=",
            "compatible_architectures": null,
            "compatible_runtimes": [
              "python3.13"
            ],
            "created_date": "2025-04-18T02:34:06.905+0000",
            "description": "",
            "filename": null,
            "id": "arn:aws:lambda:us-east-1:291912718832:layer:ssdlc-ai-assist-lambda-layer:5",
            "layer_arn": "arn:aws:lambda:us-east-1:291912718832:layer:ssdlc-ai-assist-lambda-layer",
            "layer_name": "ssdlc-ai-assist-lambda-layer",
            "license_info": "",
            "s3_bucket": "step-function-input-bucket",
            "s3_key": "lambda-layer.zip",
            "s3_object_version": null,
            "signing_job_arn": "",
            "signing_profile_version_arn": "",
            "skip_destroy": false,
            "source_code_hash": "0CBvwJX2pXArEcBFRXYHa76ckoi/Wh1Xk5821jPRCB8=",
            "source_code_size": 5378306,
            "version": "5"
          },
          "sensitive_attributes": [],
          "private": "bnVsbA==",
          "dependencies": [
            "aws_s3_object.lambda_layer_object",
            "data.archive_file.lambda_function_archive",
            "data.archive_file.lambda_layer_archive"
          ]
        }
      ]
    },
    {
      "mode": "managed",
      "type": "aws_s3_object",
      "name": "lambda_layer_object",
      "provider": "provider[\"registry.terraform.io/hashicorp/aws\"]",
      "instances": [
        {
          "schema_version": 0,
          "attributes": {
            "acl": null,
            "arn": "arn:aws:s3:::step-function-input-bucket/lambda-layer.zip",
            "bucket": "step-function-input-bucket",
            "bucket_key_enabled": false,
            "cache_control": "",
            "checksum_algorithm": null,
            "checksum_crc32": "",
            "checksum_crc32c": "",
            "checksum_crc64nvme": "",
            "checksum_sha1": "",
            "checksum_sha256": "",
            "content": null,
            "content_base64": null,
            "content_disposition": "",
            "content_encoding": "",
            "content_language": "",
            "content_type": "binary/octet-stream",
            "etag": "53dbacaea9a8bc0e581925c2d36eeb63-2",
            "force_destroy": false,
            "id": "lambda-layer.zip",
            "key": "lambda-layer.zip",
            "kms_key_id": null,
            "metadata": null,
            "object_lock_legal_hold_status": "",
            "object_lock_mode": "",
            "object_lock_retain_until_date": "",
            "override_provider": [],
            "server_side_encryption": "AES256",
            "source": "lambda-layer.zip",
            "source_hash": null,
            "storage_class": "STANDARD",
            "tags": null,
            "tags_all": {},
            "version_id": "",
            "website_redirect": ""
          },
          "sensitive_attributes": [],
          "private": "bnVsbA==",
          "dependencies": [
            "data.archive_file.lambda_layer_archive"
          ]
        }
      ]
    }
  ],
  "check_results": null
}
